
Microsoft Visual Studio Solution File, Format Version 12.00
# Visual Studio 15
VisualStudioVersion = 15.0.26730.16
MinimumVisualStudioVersion = 10.0.40219.1
Project("{FAE04EC0-301F-11D3-BF4B-00C04F79EFBC}") = "GraphicalSubtitles", "WpfApp1\GraphicalSubtitles.csproj", "{737A5B60-A0B2-407A-B292-42918748B3AA}"
EndProject
Global
	GlobalSection(SolutionConfigurationPlatforms) = preSolution
		Debug|Any CPU = Debug|Any CPU
		Release|Any CPU = Release|Any CPU
	EndGlobalSection
	GlobalSection(ProjectConfigurationPlatforms) = postSolution
		{737A5B60-A0B2-407A-B292-42918748B3AA}.Debug|Any CPU.ActiveCfg = Debug|Any CPU
		{737A5B60-A0B2-407A-B292-42918748B3AA}.Debug|Any CPU.Build.0 = Debug|Any CPU
		{737A5B60-A0B2-407A-B292-42918748B3AA}.Release|Any CPU.ActiveCfg = Release|Any CPU
		{737A5B60-A0B2-407A-B292-42918748B3AA}.Release|Any CPU.Build.0 = Release|Any CPU
	EndGlobalSection
	GlobalSection(SolutionProperties) = preSolution
		HideSolutionNode = FALSE
	EndGlobalSection
	GlobalSection(ExtensibilityGlobals) = postSolution
		SolutionGuid = {6E080EE9-EB34-4200-83A2-8191E2C9AC13}
	EndGlobalSection
EndGlobal
